
Microsoft Visual Studio Solution File, Format Version 12.00
# Visual Studio Version 17
VisualStudioVersion = 17.9.34622.214
MinimumVisualStudioVersion = 10.0.40219.1
Project("{9A19103F-16F7-4668-BE54-9A1E7A4F7556}") = "Fighter.Init", "Fighter.Init\Fighter.Init.csproj", "{F24117D6-F53B-45B2-B483-8295D27F19BF}"
EndProject
Project("{9A19103F-16F7-4668-BE54-9A1E7A4F7556}") = "Fighter", "Fighter\Fighter.csproj", "{CC4BD9A9-B993-4842-8A51-4C2963C9CADF}"
EndProject
Project("{9A19103F-16F7-4668-BE54-9A1E7A4F7556}") = "Fighter.Generator", "Fighter.Generator\Fighter.Generator.csproj", "{E67861BF-9CEF-4996-AA3A-354A48A9BD5D}"
EndProject
Project("{FAE04EC0-301F-11D3-BF4B-00C04F79EFBC}") = "kcp2k", "kcp2k\kcp2k.csproj", "{4B83FB7B-9E27-4DAA-A3F1-9BE585925676}"
EndProject
Global
	GlobalSection(SolutionConfigurationPlatforms) = preSolution
		Debug|Any CPU = Debug|Any CPU
		Release|Any CPU = Release|Any CPU
	EndGlobalSection
	GlobalSection(ProjectConfigurationPlatforms) = postSolution
		{F24117D6-F53B-45B2-B483-8295D27F19BF}.Debug|Any CPU.ActiveCfg = Debug|Any CPU
		{F24117D6-F53B-45B2-B483-8295D27F19BF}.Debug|Any CPU.Build.0 = Debug|Any CPU
		{F24117D6-F53B-45B2-B483-8295D27F19BF}.Release|Any CPU.ActiveCfg = Release|Any CPU
		{F24117D6-F53B-45B2-B483-8295D27F19BF}.Release|Any CPU.Build.0 = Release|Any CPU
		{CC4BD9A9-B993-4842-8A51-4C2963C9CADF}.Debug|Any CPU.ActiveCfg = Debug|Any CPU
		{CC4BD9A9-B993-4842-8A51-4C2963C9CADF}.Debug|Any CPU.Build.0 = Debug|Any CPU
		{CC4BD9A9-B993-4842-8A51-4C2963C9CADF}.Release|Any CPU.ActiveCfg = Release|Any CPU
		{CC4BD9A9-B993-4842-8A51-4C2963C9CADF}.Release|Any CPU.Build.0 = Release|Any CPU
		{E67861BF-9CEF-4996-AA3A-354A48A9BD5D}.Debug|Any CPU.ActiveCfg = Debug|Any CPU
		{E67861BF-9CEF-4996-AA3A-354A48A9BD5D}.Debug|Any CPU.Build.0 = Debug|Any CPU
		{E67861BF-9CEF-4996-AA3A-354A48A9BD5D}.Release|Any CPU.ActiveCfg = Release|Any CPU
		{E67861BF-9CEF-4996-AA3A-354A48A9BD5D}.Release|Any CPU.Build.0 = Release|Any CPU
		{4B83FB7B-9E27-4DAA-A3F1-9BE585925676}.Debug|Any CPU.ActiveCfg = Debug|Any CPU
		{4B83FB7B-9E27-4DAA-A3F1-9BE585925676}.Debug|Any CPU.Build.0 = Debug|Any CPU
		{4B83FB7B-9E27-4DAA-A3F1-9BE585925676}.Release|Any CPU.ActiveCfg = Release|Any CPU
		{4B83FB7B-9E27-4DAA-A3F1-9BE585925676}.Release|Any CPU.Build.0 = Release|Any CPU
	EndGlobalSection
	GlobalSection(SolutionProperties) = preSolution
		HideSolutionNode = FALSE
	EndGlobalSection
	GlobalSection(ExtensibilityGlobals) = postSolution
		SolutionGuid = {318D1039-021E-4ACB-83EB-F7050E6670DE}
	EndGlobalSection
EndGlobal
